{
  "name": "jsx-to-str",
  "version": "1.0.5",
  "lockfileVersion": 1,
  "requires": true,
  "dependencies": {
    "@types/node": {
      "version": "17.0.25",
      "resolved": "https://npmregistry.privmx.com/@types%2fnode/-/node-17.0.25.tgz",
      "integrity": "sha512-wANk6fBrUwdpY4isjWrKTufkrXdu1D2YHCot2fD/DfWxF5sMrVSA+KN7ydckvaTCh0HiqX9IVl0L5/ZoXg5M7w==",
      "dev": true
    },
    "@types/q-test": {
      "version": "1.0.0",
      "resolved": "https://npmregistry.privmx.com/@types%2fq-test/-/q-test-1.0.0.tgz",
      "integrity": "sha512-rdfSI+a5IImpNmhuU51lri/rECtkBa7P22TiiirSUrfnQ8MPlRBj88ahY7KRUHBkzvG3fuWL+5yGywvvf9KYiQ==",
      "dev": true
    },
    "q-test": {
      "version": "1.0.0",
      "resolved": "https://npmregistry.privmx.com/q-test/-/q-test-1.0.0.tgz",
      "integrity": "sha512-JWAa5g9ZzSYgOQDrLW29AJCB7RY0IVxd1ypxZcNr3LMd347CCqkWGq9BYru4QNb5JORBrAIiL5io/shL5aqtkg==",
      "dev": true
    }
  }
}
